// !$*UTF8*$!
{
	archiveVersion = 1;
	classes = {
	};
	objectVersion = 46;
	objects = {

/* Begin PBXBuildFile section */
		24120F5920D2CEFA0013D73A /* SwinjectStoryboardExtension.swift in Sources */ = {isa = PBXBuildFile; fileRef = 24120F5820D2CEFA0013D73A /* SwinjectStoryboardExtension.swift */; };
		241C2ABD1E154337009F98D7 /* VideoCell.swift in Sources */ = {isa = PBXBuildFile; fileRef = 241C2ABC1E154337009F98D7 /* VideoCell.swift */; };
		241C2AC21E15511E009F98D7 /* DetailViewController.swift in Sources */ = {isa = PBXBuildFile; fileRef = 241C2AC11E15511E009F98D7 /* DetailViewController.swift */; };
		241C2AC41E1557FD009F98D7 /* YouTubeProvider.swift in Sources */ = {isa = PBXBuildFile; fileRef = 241C2AC31E1557FD009F98D7 /* YouTubeProvider.swift */; };
		241C2AC61E155C36009F98D7 /* VideoProviderProtocol.swift in Sources */ = {isa = PBXBuildFile; fileRef = 241C2AC51E155C36009F98D7 /* VideoProviderProtocol.swift */; };
		241C2AC81E155FCC009F98D7 /* VideoProvider.swift in Sources */ = {isa = PBXBuildFile; fileRef = 241C2AC71E155FCC009F98D7 /* VideoProvider.swift */; };
		241C2ACA1E156564009F98D7 /* VimeoProvider.swift in Sources */ = {isa = PBXBuildFile; fileRef = 241C2AC91E156564009F98D7 /* VimeoProvider.swift */; };
		24205AB820666E31002BC8FF /* PreferencesViewController.swift in Sources */ = {isa = PBXBuildFile; fileRef = 24205AB720666E31002BC8FF /* PreferencesViewController.swift */; };
		24205ABA20666E40002BC8FF /* VideoQualitySelectorViewController.swift in Sources */ = {isa = PBXBuildFile; fileRef = 24205AB920666E40002BC8FF /* VideoQualitySelectorViewController.swift */; };
		24332BD81E108D1A00D5AA18 /* AppDelegate.swift in Sources */ = {isa = PBXBuildFile; fileRef = 24332BD71E108D1A00D5AA18 /* AppDelegate.swift */; };
		24332BDA1E108D1A00D5AA18 /* ViewController.swift in Sources */ = {isa = PBXBuildFile; fileRef = 24332BD91E108D1A00D5AA18 /* ViewController.swift */; };
		24332BDD1E108D1A00D5AA18 /* Main.storyboard in Resources */ = {isa = PBXBuildFile; fileRef = 24332BDB1E108D1A00D5AA18 /* Main.storyboard */; };
		24332BDF1E108D1A00D5AA18 /* Assets.xcassets in Resources */ = {isa = PBXBuildFile; fileRef = 24332BDE1E108D1A00D5AA18 /* Assets.xcassets */; };
		2441297A1FEE7A7F00202173 /* VideoError.swift in Sources */ = {isa = PBXBuildFile; fileRef = 244129791FEE7A7F00202173 /* VideoError.swift */; };
		2441297C1FEE7A8900202173 /* VideoStream.swift in Sources */ = {isa = PBXBuildFile; fileRef = 2441297B1FEE7A8900202173 /* VideoStream.swift */; };
		2441297E1FEE7C9600202173 /* VideoFormatType.swift in Sources */ = {isa = PBXBuildFile; fileRef = 2441297D1FEE7C9600202173 /* VideoFormatType.swift */; };
		244DE6C11E59CBE8005B441E /* InstapaperConfiguration.plist in Resources */ = {isa = PBXBuildFile; fileRef = 244DE6C01E59CBE8005B441E /* InstapaperConfiguration.plist */; };
		2459544C1E14420B00997693 /* Video.swift in Sources */ = {isa = PBXBuildFile; fileRef = 2459544B1E14420B00997693 /* Video.swift */; };
		2474F7E524A8DF0500956E76 /* NotificationExtensions.swift in Sources */ = {isa = PBXBuildFile; fileRef = 2474F7E424A8DF0500956E76 /* NotificationExtensions.swift */; };
		247D7F861E143CFD0037E4EC /* InstapaperAPI.swift in Sources */ = {isa = PBXBuildFile; fileRef = 247D7F851E143CFD0037E4EC /* InstapaperAPI.swift */; };
		248C27892455A8B000B6756E /* FoldersTabBarController.swift in Sources */ = {isa = PBXBuildFile; fileRef = 248C27882455A8B000B6756E /* FoldersTabBarController.swift */; };
		24988A8D1E143A50003E46FB /* IKBookmark.m in Sources */ = {isa = PBXBuildFile; fileRef = 24988A771E143A50003E46FB /* IKBookmark.m */; };
		24988A8E1E143A50003E46FB /* IKConstants.m in Sources */ = {isa = PBXBuildFile; fileRef = 24988A791E143A50003E46FB /* IKConstants.m */; };
		24988A8F1E143A50003E46FB /* IKDeserializer.m in Sources */ = {isa = PBXBuildFile; fileRef = 24988A7B1E143A50003E46FB /* IKDeserializer.m */; };
		24988A901E143A50003E46FB /* IKEngine.m in Sources */ = {isa = PBXBuildFile; fileRef = 24988A7D1E143A50003E46FB /* IKEngine.m */; };
		24988A911E143A50003E46FB /* IKFolder.m in Sources */ = {isa = PBXBuildFile; fileRef = 24988A7F1E143A50003E46FB /* IKFolder.m */; };
		24988A921E143A50003E46FB /* IKURLConnection.m in Sources */ = {isa = PBXBuildFile; fileRef = 24988A821E143A50003E46FB /* IKURLConnection.m */; };
		24988A931E143A50003E46FB /* IKUser.m in Sources */ = {isa = PBXBuildFile; fileRef = 24988A841E143A50003E46FB /* IKUser.m */; };
		24988A941E143A50003E46FB /* NSString+IKEncoding.m in Sources */ = {isa = PBXBuildFile; fileRef = 24988A871E143A50003E46FB /* NSString+IKEncoding.m */; };
		24988A951E143A50003E46FB /* NSData+Base64.m in Sources */ = {isa = PBXBuildFile; fileRef = 24988A891E143A50003E46FB /* NSData+Base64.m */; };
		24AEF7E11EBF5E53006458D1 /* Database.swift in Sources */ = {isa = PBXBuildFile; fileRef = 24AEF7E01EBF5E53006458D1 /* Database.swift */; };
		24C52E231E17C6D200865185 /* LoginViewController.swift in Sources */ = {isa = PBXBuildFile; fileRef = 24C52E221E17C6D200865185 /* LoginViewController.swift */; };
		24C52E251E17E42900865185 /* StringError.swift in Sources */ = {isa = PBXBuildFile; fileRef = 24C52E241E17E42900865185 /* StringError.swift */; };
		6E3FCC9A0F273F5D7C1FC16F /* libPods-WatchItLater.a in Frameworks */ = {isa = PBXBuildFile; fileRef = C590B7B659D40878CB6A2B14 /* libPods-WatchItLater.a */; };
/* End PBXBuildFile section */

/* Begin PBXFileReference section */
		24120F5820D2CEFA0013D73A /* SwinjectStoryboardExtension.swift */ = {isa = PBXFileReference; lastKnownFileType = sourcecode.swift; path = SwinjectStoryboardExtension.swift; sourceTree = "<group>"; };
		241C2ABC1E154337009F98D7 /* VideoCell.swift */ = {isa = PBXFileReference; fileEncoding = 4; lastKnownFileType = sourcecode.swift; path = VideoCell.swift; sourceTree = "<group>"; };
		241C2AC11E15511E009F98D7 /* DetailViewController.swift */ = {isa = PBXFileReference; fileEncoding = 4; lastKnownFileType = sourcecode.swift; path = DetailViewController.swift; sourceTree = "<group>"; };
		241C2AC31E1557FD009F98D7 /* YouTubeProvider.swift */ = {isa = PBXFileReference; fileEncoding = 4; lastKnownFileType = sourcecode.swift; path = YouTubeProvider.swift; sourceTree = "<group>"; };
		241C2AC51E155C36009F98D7 /* VideoProviderProtocol.swift */ = {isa = PBXFileReference; fileEncoding = 4; lastKnownFileType = sourcecode.swift; path = VideoProviderProtocol.swift; sourceTree = "<group>"; };
		241C2AC71E155FCC009F98D7 /* VideoProvider.swift */ = {isa = PBXFileReference; fileEncoding = 4; lastKnownFileType = sourcecode.swift; path = VideoProvider.swift; sourceTree = "<group>"; };
		241C2AC91E156564009F98D7 /* VimeoProvider.swift */ = {isa = PBXFileReference; fileEncoding = 4; lastKnownFileType = sourcecode.swift; path = VimeoProvider.swift; sourceTree = "<group>"; };
		24205AB720666E31002BC8FF /* PreferencesViewController.swift */ = {isa = PBXFileReference; lastKnownFileType = sourcecode.swift; path = PreferencesViewController.swift; sourceTree = "<group>"; };
		24205AB920666E40002BC8FF /* VideoQualitySelectorViewController.swift */ = {isa = PBXFileReference; lastKnownFileType = sourcecode.swift; path = VideoQualitySelectorViewController.swift; sourceTree = "<group>"; };
		24332BD41E108D1A00D5AA18 /* WatchItLater.app */ = {isa = PBXFileReference; explicitFileType = wrapper.application; includeInIndex = 0; path = WatchItLater.app; sourceTree = BUILT_PRODUCTS_DIR; };
		24332BD71E108D1A00D5AA18 /* AppDelegate.swift */ = {isa = PBXFileReference; lastKnownFileType = sourcecode.swift; path = AppDelegate.swift; sourceTree = "<group>"; };
		24332BD91E108D1A00D5AA18 /* ViewController.swift */ = {isa = PBXFileReference; lastKnownFileType = sourcecode.swift; path = ViewController.swift; sourceTree = "<group>"; };
		24332BDC1E108D1A00D5AA18 /* Base */ = {isa = PBXFileReference; lastKnownFileType = file.storyboard; name = Base; path = Base.lproj/Main.storyboard; sourceTree = "<group>"; };
		24332BDE1E108D1A00D5AA18 /* Assets.xcassets */ = {isa = PBXFileReference; lastKnownFileType = folder.assetcatalog; path = Assets.xcassets; sourceTree = "<group>"; };
		24332BE01E108D1A00D5AA18 /* Info.plist */ = {isa = PBXFileReference; lastKnownFileType = text.plist.xml; path = Info.plist; sourceTree = "<group>"; };
		244129791FEE7A7F00202173 /* VideoError.swift */ = {isa = PBXFileReference; lastKnownFileType = sourcecode.swift; path = VideoError.swift; sourceTree = "<group>"; };
		2441297B1FEE7A8900202173 /* VideoStream.swift */ = {isa = PBXFileReference; lastKnownFileType = sourcecode.swift; path = VideoStream.swift; sourceTree = "<group>"; };
		2441297D1FEE7C9600202173 /* VideoFormatType.swift */ = {isa = PBXFileReference; lastKnownFileType = sourcecode.swift; path = VideoFormatType.swift; sourceTree = "<group>"; };
		244DE6C01E59CBE8005B441E /* InstapaperConfiguration.plist */ = {isa = PBXFileReference; fileEncoding = 4; lastKnownFileType = text.plist.xml; path = InstapaperConfiguration.plist; sourceTree = "<group>"; };
		2459544B1E14420B00997693 /* Video.swift */ = {isa = PBXFileReference; fileEncoding = 4; lastKnownFileType = sourcecode.swift; path = Video.swift; sourceTree = "<group>"; };
		246511B0222AA26800752F46 /* AudioToolbox.framework */ = {isa = PBXFileReference; lastKnownFileType = wrapper.framework; name = AudioToolbox.framework; path = System/Library/Frameworks/AudioToolbox.framework; sourceTree = SDKROOT; };
		246511B2222AA26F00752F46 /* AVFoundation.framework */ = {isa = PBXFileReference; lastKnownFileType = wrapper.framework; name = AVFoundation.framework; path = System/Library/Frameworks/AVFoundation.framework; sourceTree = SDKROOT; };
		246511B4222AA27400752F46 /* VideoToolbox.framework */ = {isa = PBXFileReference; lastKnownFileType = wrapper.framework; name = VideoToolbox.framework; path = System/Library/Frameworks/VideoToolbox.framework; sourceTree = SDKROOT; };
		246511B6222AA27900752F46 /* CoreMedia.framework */ = {isa = PBXFileReference; lastKnownFileType = wrapper.framework; name = CoreMedia.framework; path = System/Library/Frameworks/CoreMedia.framework; sourceTree = SDKROOT; };
		246511B8222AA27F00752F46 /* libz.tbd */ = {isa = PBXFileReference; lastKnownFileType = "sourcecode.text-based-dylib-definition"; name = libz.tbd; path = usr/lib/libz.tbd; sourceTree = SDKROOT; };
		246511BA222AA28400752F46 /* libbz2.tbd */ = {isa = PBXFileReference; lastKnownFileType = "sourcecode.text-based-dylib-definition"; name = libbz2.tbd; path = usr/lib/libbz2.tbd; sourceTree = SDKROOT; };
		246511BC222AA28900752F46 /* libc++.tbd */ = {isa = PBXFileReference; lastKnownFileType = "sourcecode.text-based-dylib-definition"; name = "libc++.tbd"; path = "usr/lib/libc++.tbd"; sourceTree = SDKROOT; };
		246511BE222AA28E00752F46 /* libiconv.tbd */ = {isa = PBXFileReference; lastKnownFileType = "sourcecode.text-based-dylib-definition"; name = libiconv.tbd; path = usr/lib/libiconv.tbd; sourceTree = SDKROOT; };
		2474F7E424A8DF0500956E76 /* NotificationExtensions.swift */ = {isa = PBXFileReference; lastKnownFileType = sourcecode.swift; path = NotificationExtensions.swift; sourceTree = "<group>"; };
		24794EB920D51F520070D624 /* TVUIKit.framework */ = {isa = PBXFileReference; lastKnownFileType = wrapper.framework; name = TVUIKit.framework; path = System/Library/Frameworks/TVUIKit.framework; sourceTree = SDKROOT; };
		247D7F851E143CFD0037E4EC /* InstapaperAPI.swift */ = {isa = PBXFileReference; fileEncoding = 4; lastKnownFileType = sourcecode.swift; path = InstapaperAPI.swift; sourceTree = "<group>"; };
		247D7F871E143D970037E4EC /* WatchItLater.entitlements */ = {isa = PBXFileReference; lastKnownFileType = text.plist.entitlements; path = WatchItLater.entitlements; sourceTree = "<group>"; };
		248C27882455A8B000B6756E /* FoldersTabBarController.swift */ = {isa = PBXFileReference; lastKnownFileType = sourcecode.swift; path = FoldersTabBarController.swift; sourceTree = "<group>"; };
		24988A541E141E37003E46FB /* AVKit.framework */ = {isa = PBXFileReference; lastKnownFileType = wrapper.framework; name = AVKit.framework; path = System/Library/Frameworks/AVKit.framework; sourceTree = SDKROOT; };
		24988A761E143A50003E46FB /* IKBookmark.h */ = {isa = PBXFileReference; fileEncoding = 4; lastKnownFileType = sourcecode.c.h; path = IKBookmark.h; sourceTree = "<group>"; };
		24988A771E143A50003E46FB /* IKBookmark.m */ = {isa = PBXFileReference; fileEncoding = 4; lastKnownFileType = sourcecode.c.objc; path = IKBookmark.m; sourceTree = "<group>"; };
		24988A781E143A50003E46FB /* IKConstants.h */ = {isa = PBXFileReference; fileEncoding = 4; lastKnownFileType = sourcecode.c.h; path = IKConstants.h; sourceTree = "<group>"; };
		24988A791E143A50003E46FB /* IKConstants.m */ = {isa = PBXFileReference; fileEncoding = 4; lastKnownFileType = sourcecode.c.objc; path = IKConstants.m; sourceTree = "<group>"; };
		24988A7A1E143A50003E46FB /* IKDeserializer.h */ = {isa = PBXFileReference; fileEncoding = 4; lastKnownFileType = sourcecode.c.h; path = IKDeserializer.h; sourceTree = "<group>"; };
		24988A7B1E143A50003E46FB /* IKDeserializer.m */ = {isa = PBXFileReference; fileEncoding = 4; lastKnownFileType = sourcecode.c.objc; path = IKDeserializer.m; sourceTree = "<group>"; };
		24988A7C1E143A50003E46FB /* IKEngine.h */ = {isa = PBXFileReference; fileEncoding = 4; lastKnownFileType = sourcecode.c.h; path = IKEngine.h; sourceTree = "<group>"; };
		24988A7D1E143A50003E46FB /* IKEngine.m */ = {isa = PBXFileReference; fileEncoding = 4; lastKnownFileType = sourcecode.c.objc; path = IKEngine.m; sourceTree = "<group>"; };
		24988A7E1E143A50003E46FB /* IKFolder.h */ = {isa = PBXFileReference; fileEncoding = 4; lastKnownFileType = sourcecode.c.h; path = IKFolder.h; sourceTree = "<group>"; };
		24988A7F1E143A50003E46FB /* IKFolder.m */ = {isa = PBXFileReference; fileEncoding = 4; lastKnownFileType = sourcecode.c.objc; path = IKFolder.m; sourceTree = "<group>"; };
		24988A801E143A50003E46FB /* IKURLConnection+Private.h */ = {isa = PBXFileReference; fileEncoding = 4; lastKnownFileType = sourcecode.c.h; path = "IKURLConnection+Private.h"; sourceTree = "<group>"; };
		24988A811E143A50003E46FB /* IKURLConnection.h */ = {isa = PBXFileReference; fileEncoding = 4; lastKnownFileType = sourcecode.c.h; path = IKURLConnection.h; sourceTree = "<group>"; };
		24988A821E143A50003E46FB /* IKURLConnection.m */ = {isa = PBXFileReference; fileEncoding = 4; lastKnownFileType = sourcecode.c.objc; path = IKURLConnection.m; sourceTree = "<group>"; };
		24988A831E143A50003E46FB /* IKUser.h */ = {isa = PBXFileReference; fileEncoding = 4; lastKnownFileType = sourcecode.c.h; path = IKUser.h; sourceTree = "<group>"; };
		24988A841E143A50003E46FB /* IKUser.m */ = {isa = PBXFileReference; fileEncoding = 4; lastKnownFileType = sourcecode.c.objc; path = IKUser.m; sourceTree = "<group>"; };
		24988A851E143A50003E46FB /* InstapaperKit.h */ = {isa = PBXFileReference; fileEncoding = 4; lastKnownFileType = sourcecode.c.h; path = InstapaperKit.h; sourceTree = "<group>"; };
		24988A861E143A50003E46FB /* NSString+IKEncoding.h */ = {isa = PBXFileReference; fileEncoding = 4; lastKnownFileType = sourcecode.c.h; path = "NSString+IKEncoding.h"; sourceTree = "<group>"; };
		24988A871E143A50003E46FB /* NSString+IKEncoding.m */ = {isa = PBXFileReference; fileEncoding = 4; lastKnownFileType = sourcecode.c.objc; path = "NSString+IKEncoding.m"; sourceTree = "<group>"; };
		24988A881E143A50003E46FB /* NSData+Base64.h */ = {isa = PBXFileReference; fileEncoding = 4; lastKnownFileType = sourcecode.c.h; path = "NSData+Base64.h"; sourceTree = "<group>"; };
		24988A891E143A50003E46FB /* NSData+Base64.m */ = {isa = PBXFileReference; fileEncoding = 4; lastKnownFileType = sourcecode.c.objc; path = "NSData+Base64.m"; sourceTree = "<group>"; };
		24AEF7E01EBF5E53006458D1 /* Database.swift */ = {isa = PBXFileReference; fileEncoding = 4; lastKnownFileType = sourcecode.swift; path = Database.swift; sourceTree = "<group>"; };
		24C52E221E17C6D200865185 /* LoginViewController.swift */ = {isa = PBXFileReference; fileEncoding = 4; lastKnownFileType = sourcecode.swift; path = LoginViewController.swift; sourceTree = "<group>"; };
		24C52E241E17E42900865185 /* StringError.swift */ = {isa = PBXFileReference; fileEncoding = 4; lastKnownFileType = sourcecode.swift; path = StringError.swift; sourceTree = "<group>"; };
		24D942411E113238008387CC /* WatchItLater-Bridging-Header.h */ = {isa = PBXFileReference; lastKnownFileType = sourcecode.c.h; path = "WatchItLater-Bridging-Header.h"; sourceTree = "<group>"; };
		4016E8F0C73D7075DAA216C0 /* Pods-WatchItLater.release.xcconfig */ = {isa = PBXFileReference; includeInIndex = 1; lastKnownFileType = text.xcconfig; name = "Pods-WatchItLater.release.xcconfig"; path = "Pods/Target Support Files/Pods-WatchItLater/Pods-WatchItLater.release.xcconfig"; sourceTree = "<group>"; };
		889B88034148F2099F4C25C1 /* Pods-WatchItLater.debug.xcconfig */ = {isa = PBXFileReference; includeInIndex = 1; lastKnownFileType = text.xcconfig; name = "Pods-WatchItLater.debug.xcconfig"; path = "Pods/Target Support Files/Pods-WatchItLater/Pods-WatchItLater.debug.xcconfig"; sourceTree = "<group>"; };
		C590B7B659D40878CB6A2B14 /* libPods-WatchItLater.a */ = {isa = PBXFileReference; explicitFileType = archive.ar; includeInIndex = 0; path = "libPods-WatchItLater.a"; sourceTree = BUILT_PRODUCTS_DIR; };
/* End PBXFileReference section */

/* Begin PBXFrameworksBuildPhase section */
		24332BD11E108D1A00D5AA18 /* Frameworks */ = {
			isa = PBXFrameworksBuildPhase;
			buildActionMask = 2147483647;
			files = (
				6E3FCC9A0F273F5D7C1FC16F /* libPods-WatchItLater.a in Frameworks */,
			);
			runOnlyForDeploymentPostprocessing = 0;
		};
/* End PBXFrameworksBuildPhase section */

/* Begin PBXGroup section */
		241C2ABE1E15498E009F98D7 /* Supporting Files */ = {
			isa = PBXGroup;
			children = (
				24332BDE1E108D1A00D5AA18 /* Assets.xcassets */,
				24332BE01E108D1A00D5AA18 /* Info.plist */,
				24D942411E113238008387CC /* WatchItLater-Bridging-Header.h */,
				247D7F871E143D970037E4EC /* WatchItLater.entitlements */,
				244DE6C01E59CBE8005B441E /* InstapaperConfiguration.plist */,
			);
			path = "Supporting Files";
			sourceTree = "<group>";
		};
		241C2ABF1E1549A1009F98D7 /* Providers */ = {
			isa = PBXGroup;
			children = (
				247D7F851E143CFD0037E4EC /* InstapaperAPI.swift */,
				241C2AC71E155FCC009F98D7 /* VideoProvider.swift */,
				241C2AC51E155C36009F98D7 /* VideoProviderProtocol.swift */,
				241C2AC91E156564009F98D7 /* VimeoProvider.swift */,
				241C2AC31E1557FD009F98D7 /* YouTubeProvider.swift */,
				244129791FEE7A7F00202173 /* VideoError.swift */,
				2441297B1FEE7A8900202173 /* VideoStream.swift */,
				2441297D1FEE7C9600202173 /* VideoFormatType.swift */,
			);
			path = Providers;
			sourceTree = "<group>";
		};
		241C2AC01E1549AC009F98D7 /* Models */ = {
			isa = PBXGroup;
			children = (
				2459544B1E14420B00997693 /* Video.swift */,
				24AEF7E01EBF5E53006458D1 /* Database.swift */,
			);
			path = Models;
			sourceTree = "<group>";
		};
		24332BCB1E108D1900D5AA18 = {
			isa = PBXGroup;
			children = (
				24332BD61E108D1A00D5AA18 /* App */,
				D279746CFF176AADEDCE0547 /* Frameworks */,
				24988A8C1E143A50003E46FB /* InstapaperKit */,
				24332BD51E108D1A00D5AA18 /* Products */,
				4613E00C874BD95CE361EFB1 /* Pods */,
			);
			sourceTree = "<group>";
		};
		24332BD51E108D1A00D5AA18 /* Products */ = {
			isa = PBXGroup;
			children = (
				24332BD41E108D1A00D5AA18 /* WatchItLater.app */,
			);
			name = Products;
			sourceTree = "<group>";
		};
		24332BD61E108D1A00D5AA18 /* App */ = {
			isa = PBXGroup;
			children = (
				241C2AC01E1549AC009F98D7 /* Models */,
				241C2ABF1E1549A1009F98D7 /* Providers */,
				241C2ABE1E15498E009F98D7 /* Supporting Files */,
				24332BD71E108D1A00D5AA18 /* AppDelegate.swift */,
				248C27882455A8B000B6756E /* FoldersTabBarController.swift */,
				24332BD91E108D1A00D5AA18 /* ViewController.swift */,
				241C2AC11E15511E009F98D7 /* DetailViewController.swift */,
				24C52E221E17C6D200865185 /* LoginViewController.swift */,
				24205AB720666E31002BC8FF /* PreferencesViewController.swift */,
				24205AB920666E40002BC8FF /* VideoQualitySelectorViewController.swift */,
				241C2ABC1E154337009F98D7 /* VideoCell.swift */,
				24C52E241E17E42900865185 /* StringError.swift */,
				24120F5820D2CEFA0013D73A /* SwinjectStoryboardExtension.swift */,
				2474F7E424A8DF0500956E76 /* NotificationExtensions.swift */,
				24332BDB1E108D1A00D5AA18 /* Main.storyboard */,
			);
			path = App;
			sourceTree = "<group>";
		};
		24988A8A1E143A50003E46FB /* Base64 */ = {
			isa = PBXGroup;
			children = (
				24988A881E143A50003E46FB /* NSData+Base64.h */,
				24988A891E143A50003E46FB /* NSData+Base64.m */,
			);
			path = Base64;
			sourceTree = "<group>";
		};
		24988A8B1E143A50003E46FB /* Third Party */ = {
			isa = PBXGroup;
			children = (
				24988A8A1E143A50003E46FB /* Base64 */,
			);
			path = "Third Party";
			sourceTree = "<group>";
		};
		24988A8C1E143A50003E46FB /* InstapaperKit */ = {
			isa = PBXGroup;
			children = (
				24988A8B1E143A50003E46FB /* Third Party */,
				24988A761E143A50003E46FB /* IKBookmark.h */,
				24988A771E143A50003E46FB /* IKBookmark.m */,
				24988A781E143A50003E46FB /* IKConstants.h */,
				24988A791E143A50003E46FB /* IKConstants.m */,
				24988A7A1E143A50003E46FB /* IKDeserializer.h */,
				24988A7B1E143A50003E46FB /* IKDeserializer.m */,
				24988A7C1E143A50003E46FB /* IKEngine.h */,
				24988A7D1E143A50003E46FB /* IKEngine.m */,
				24988A7E1E143A50003E46FB /* IKFolder.h */,
				24988A7F1E143A50003E46FB /* IKFolder.m */,
				24988A801E143A50003E46FB /* IKURLConnection+Private.h */,
				24988A811E143A50003E46FB /* IKURLConnection.h */,
				24988A821E143A50003E46FB /* IKURLConnection.m */,
				24988A831E143A50003E46FB /* IKUser.h */,
				24988A841E143A50003E46FB /* IKUser.m */,
				24988A851E143A50003E46FB /* InstapaperKit.h */,
				24988A861E143A50003E46FB /* NSString+IKEncoding.h */,
				24988A871E143A50003E46FB /* NSString+IKEncoding.m */,
			);
			path = InstapaperKit;
			sourceTree = "<group>";
		};
		4613E00C874BD95CE361EFB1 /* Pods */ = {
			isa = PBXGroup;
			children = (
				889B88034148F2099F4C25C1 /* Pods-WatchItLater.debug.xcconfig */,
				4016E8F0C73D7075DAA216C0 /* Pods-WatchItLater.release.xcconfig */,
			);
			name = Pods;
			sourceTree = "<group>";
		};
		D279746CFF176AADEDCE0547 /* Frameworks */ = {
			isa = PBXGroup;
			children = (
				246511BE222AA28E00752F46 /* libiconv.tbd */,
				246511BC222AA28900752F46 /* libc++.tbd */,
				246511BA222AA28400752F46 /* libbz2.tbd */,
				246511B8222AA27F00752F46 /* libz.tbd */,
				246511B6222AA27900752F46 /* CoreMedia.framework */,
				246511B4222AA27400752F46 /* VideoToolbox.framework */,
				246511B2222AA26F00752F46 /* AVFoundation.framework */,
				246511B0222AA26800752F46 /* AudioToolbox.framework */,
				24794EB920D51F520070D624 /* TVUIKit.framework */,
				24988A541E141E37003E46FB /* AVKit.framework */,
				C590B7B659D40878CB6A2B14 /* libPods-WatchItLater.a */,
			);
			name = Frameworks;
			sourceTree = "<group>";
		};
/* End PBXGroup section */

/* Begin PBXNativeTarget section */
		24332BD31E108D1A00D5AA18 /* WatchItLater */ = {
			isa = PBXNativeTarget;
			buildConfigurationList = 24332BE31E108D1A00D5AA18 /* Build configuration list for PBXNativeTarget "WatchItLater" */;
			buildPhases = (
				54B38236EAE6C0D36F1632E0 /* [CP] Check Pods Manifest.lock */,
				24332BD01E108D1A00D5AA18 /* Sources */,
				24332BD11E108D1A00D5AA18 /* Frameworks */,
				24332BD21E108D1A00D5AA18 /* Resources */,
				08FAA71DCB938D42ED0200DC /* [CP] Copy Pods Resources */,
			);
			buildRules = (
			);
			dependencies = (
			);
			name = WatchItLater;
			productName = "Instapaper TV";
			productReference = 24332BD41E108D1A00D5AA18 /* WatchItLater.app */;
			productType = "com.apple.product-type.application";
		};
/* End PBXNativeTarget section */

/* Begin PBXProject section */
		24332BCC1E108D1A00D5AA18 /* Project object */ = {
			isa = PBXProject;
			attributes = {
				LastSwiftUpdateCheck = 0820;
				LastUpgradeCheck = 1200;
				ORGANIZATIONNAME = "Weiran Zhang";
				TargetAttributes = {
					24332BD31E108D1A00D5AA18 = {
						CreatedOnToolsVersion = 8.2.1;
						DevelopmentTeam = 2KB59GPA9B;
						LastSwiftMigration = 1020;
						ProvisioningStyle = Automatic;
						SystemCapabilities = {
							com.apple.Keychain = {
								enabled = 1;
							};
						};
					};
				};
			};
			buildConfigurationList = 24332BCF1E108D1A00D5AA18 /* Build configuration list for PBXProject "WatchItLater" */;
			compatibilityVersion = "Xcode 3.2";
			developmentRegion = en;
			hasScannedForEncodings = 0;
			knownRegions = (
				en,
				Base,
			);
			mainGroup = 24332BCB1E108D1900D5AA18;
			productRefGroup = 24332BD51E108D1A00D5AA18 /* Products */;
			projectDirPath = "";
			projectRoot = "";
			targets = (
				24332BD31E108D1A00D5AA18 /* WatchItLater */,
			);
		};
/* End PBXProject section */

/* Begin PBXResourcesBuildPhase section */
		24332BD21E108D1A00D5AA18 /* Resources */ = {
			isa = PBXResourcesBuildPhase;
			buildActionMask = 2147483647;
			files = (
				24332BDF1E108D1A00D5AA18 /* Assets.xcassets in Resources */,
				24332BDD1E108D1A00D5AA18 /* Main.storyboard in Resources */,
				244DE6C11E59CBE8005B441E /* InstapaperConfiguration.plist in Resources */,
			);
			runOnlyForDeploymentPostprocessing = 0;
		};
/* End PBXResourcesBuildPhase section */

/* Begin PBXShellScriptBuildPhase section */
		08FAA71DCB938D42ED0200DC /* [CP] Copy Pods Resources */ = {
			isa = PBXShellScriptBuildPhase;
			buildActionMask = 2147483647;
			files = (
			);
			inputPaths = (
				"${PODS_ROOT}/Target Support Files/Pods-WatchItLater/Pods-WatchItLater-resources.sh",
				"${PODS_ROOT}/TVVLCPlayer/Resources/TVVLCPlayer.storyboard",
				"${PODS_ROOT}/TVVLCPlayer/Resources/Images.xcassets",
			);
			name = "[CP] Copy Pods Resources";
			outputPaths = (
				"${TARGET_BUILD_DIR}/${UNLOCALIZED_RESOURCES_FOLDER_PATH}/TVVLCPlayer.storyboardc",
			);
			runOnlyForDeploymentPostprocessing = 0;
			shellPath = /bin/sh;
			shellScript = "\"${PODS_ROOT}/Target Support Files/Pods-WatchItLater/Pods-WatchItLater-resources.sh\"\n";
			showEnvVarsInLog = 0;
		};
		54B38236EAE6C0D36F1632E0 /* [CP] Check Pods Manifest.lock */ = {
			isa = PBXShellScriptBuildPhase;
			buildActionMask = 2147483647;
			files = (
			);
			inputPaths = (
				"${PODS_PODFILE_DIR_PATH}/Podfile.lock",
				"${PODS_ROOT}/Manifest.lock",
			);
			name = "[CP] Check Pods Manifest.lock";
			outputPaths = (
				"$(DERIVED_FILE_DIR)/Pods-WatchItLater-checkManifestLockResult.txt",
			);
			runOnlyForDeploymentPostprocessing = 0;
			shellPath = /bin/sh;
			shellScript = "diff \"${PODS_PODFILE_DIR_PATH}/Podfile.lock\" \"${PODS_ROOT}/Manifest.lock\" > /dev/null\nif [ $? != 0 ] ; then\n    # print error to STDERR\n    echo \"error: The sandbox is not in sync with the Podfile.lock. Run 'pod install' or update your CocoaPods installation.\" >&2\n    exit 1\nfi\n# This output is used by Xcode 'outputs' to avoid re-running this script phase.\necho \"SUCCESS\" > \"${SCRIPT_OUTPUT_FILE_0}\"\n";
			showEnvVarsInLog = 0;
		};
/* End PBXShellScriptBuildPhase section */

/* Begin PBXSourcesBuildPhase section */
		24332BD01E108D1A00D5AA18 /* Sources */ = {
			isa = PBXSourcesBuildPhase;
			buildActionMask = 2147483647;
			files = (
				24C52E231E17C6D200865185 /* LoginViewController.swift in Sources */,
				24332BDA1E108D1A00D5AA18 /* ViewController.swift in Sources */,
				241C2ABD1E154337009F98D7 /* VideoCell.swift in Sources */,
				248C27892455A8B000B6756E /* FoldersTabBarController.swift in Sources */,
				24988A8E1E143A50003E46FB /* IKConstants.m in Sources */,
				24332BD81E108D1A00D5AA18 /* AppDelegate.swift in Sources */,
				241C2AC61E155C36009F98D7 /* VideoProviderProtocol.swift in Sources */,
				241C2AC81E155FCC009F98D7 /* VideoProvider.swift in Sources */,
				24C52E251E17E42900865185 /* StringError.swift in Sources */,
				2441297E1FEE7C9600202173 /* VideoFormatType.swift in Sources */,
				24988A951E143A50003E46FB /* NSData+Base64.m in Sources */,
				24205ABA20666E40002BC8FF /* VideoQualitySelectorViewController.swift in Sources */,
				24988A921E143A50003E46FB /* IKURLConnection.m in Sources */,
				241C2AC21E15511E009F98D7 /* DetailViewController.swift in Sources */,
				24988A941E143A50003E46FB /* NSString+IKEncoding.m in Sources */,
				2441297C1FEE7A8900202173 /* VideoStream.swift in Sources */,
				24AEF7E11EBF5E53006458D1 /* Database.swift in Sources */,
				24988A901E143A50003E46FB /* IKEngine.m in Sources */,
				247D7F861E143CFD0037E4EC /* InstapaperAPI.swift in Sources */,
				241C2ACA1E156564009F98D7 /* VimeoProvider.swift in Sources */,
				24120F5920D2CEFA0013D73A /* SwinjectStoryboardExtension.swift in Sources */,
				241C2AC41E1557FD009F98D7 /* YouTubeProvider.swift in Sources */,
				24988A8F1E143A50003E46FB /* IKDeserializer.m in Sources */,
				2459544C1E14420B00997693 /* Video.swift in Sources */,
				24205AB820666E31002BC8FF /* PreferencesViewController.swift in Sources */,
				2441297A1FEE7A7F00202173 /* VideoError.swift in Sources */,
				24988A911E143A50003E46FB /* IKFolder.m in Sources */,
				24988A931E143A50003E46FB /* IKUser.m in Sources */,
				2474F7E524A8DF0500956E76 /* NotificationExtensions.swift in Sources */,
				24988A8D1E143A50003E46FB /* IKBookmark.m in Sources */,
			);
			runOnlyForDeploymentPostprocessing = 0;
		};
/* End PBXSourcesBuildPhase section */

/* Begin PBXVariantGroup section */
		24332BDB1E108D1A00D5AA18 /* Main.storyboard */ = {
			isa = PBXVariantGroup;
			children = (
				24332BDC1E108D1A00D5AA18 /* Base */,
			);
			name = Main.storyboard;
			path = .;
			sourceTree = "<group>";
		};
/* End PBXVariantGroup section */

/* Begin XCBuildConfiguration section */
		24332BE11E108D1A00D5AA18 /* Debug */ = {
			isa = XCBuildConfiguration;
			buildSettings = {
				ALWAYS_SEARCH_USER_PATHS = NO;
				CLANG_ANALYZER_LOCALIZABILITY_NONLOCALIZED = YES;
				CLANG_ANALYZER_NONNULL = YES;
				CLANG_CXX_LANGUAGE_STANDARD = "gnu++0x";
				CLANG_CXX_LIBRARY = "libc++";
				CLANG_ENABLE_MODULES = YES;
				CLANG_ENABLE_OBJC_ARC = YES;
				CLANG_WARN_BLOCK_CAPTURE_AUTORELEASING = YES;
				CLANG_WARN_BOOL_CONVERSION = YES;
				CLANG_WARN_COMMA = YES;
				CLANG_WARN_CONSTANT_CONVERSION = YES;
				CLANG_WARN_DEPRECATED_OBJC_IMPLEMENTATIONS = YES;
				CLANG_WARN_DIRECT_OBJC_ISA_USAGE = YES_ERROR;
				CLANG_WARN_DOCUMENTATION_COMMENTS = YES;
				CLANG_WARN_EMPTY_BODY = YES;
				CLANG_WARN_ENUM_CONVERSION = YES;
				CLANG_WARN_INFINITE_RECURSION = YES;
				CLANG_WARN_INT_CONVERSION = YES;
				CLANG_WARN_NON_LITERAL_NULL_CONVERSION = YES;
				CLANG_WARN_OBJC_IMPLICIT_RETAIN_SELF = YES;
				CLANG_WARN_OBJC_LITERAL_CONVERSION = YES;
				CLANG_WARN_OBJC_ROOT_CLASS = YES_ERROR;
				CLANG_WARN_QUOTED_INCLUDE_IN_FRAMEWORK_HEADER = YES;
				CLANG_WARN_RANGE_LOOP_ANALYSIS = YES;
				CLANG_WARN_STRICT_PROTOTYPES = YES;
				CLANG_WARN_SUSPICIOUS_MOVE = YES;
				CLANG_WARN_UNREACHABLE_CODE = YES;
				CLANG_WARN__DUPLICATE_METHOD_MATCH = YES;
				COPY_PHASE_STRIP = NO;
				DEBUG_INFORMATION_FORMAT = dwarf;
				ENABLE_STRICT_OBJC_MSGSEND = YES;
				ENABLE_TESTABILITY = YES;
				GCC_C_LANGUAGE_STANDARD = gnu99;
				GCC_DYNAMIC_NO_PIC = NO;
				GCC_NO_COMMON_BLOCKS = YES;
				GCC_OPTIMIZATION_LEVEL = 0;
				GCC_PREPROCESSOR_DEFINITIONS = (
					"DEBUG=1",
					"$(inherited)",
				);
				GCC_WARN_64_TO_32_BIT_CONVERSION = YES;
				GCC_WARN_ABOUT_RETURN_TYPE = YES_ERROR;
				GCC_WARN_UNDECLARED_SELECTOR = YES;
				GCC_WARN_UNINITIALIZED_AUTOS = YES_AGGRESSIVE;
				GCC_WARN_UNUSED_FUNCTION = YES;
				GCC_WARN_UNUSED_VARIABLE = YES;
				MTL_ENABLE_DEBUG_INFO = YES;
				ONLY_ACTIVE_ARCH = YES;
				SDKROOT = appletvos;
				SWIFT_ACTIVE_COMPILATION_CONDITIONS = DEBUG;
				SWIFT_OPTIMIZATION_LEVEL = "-Onone";
				TARGETED_DEVICE_FAMILY = 3;
				TVOS_DEPLOYMENT_TARGET = 13.0;
			};
			name = Debug;
		};
		24332BE21E108D1A00D5AA18 /* Release */ = {
			isa = XCBuildConfiguration;
			buildSettings = {
				ALWAYS_SEARCH_USER_PATHS = NO;
				CLANG_ANALYZER_LOCALIZABILITY_NONLOCALIZED = YES;
				CLANG_ANALYZER_NONNULL = YES;
				CLANG_CXX_LANGUAGE_STANDARD = "gnu++0x";
				CLANG_CXX_LIBRARY = "libc++";
				CLANG_ENABLE_MODULES = YES;
				CLANG_ENABLE_OBJC_ARC = YES;
				CLANG_WARN_BLOCK_CAPTURE_AUTORELEASING = YES;
				CLANG_WARN_BOOL_CONVERSION = YES;
				CLANG_WARN_COMMA = YES;
				CLANG_WARN_CONSTANT_CONVERSION = YES;
				CLANG_WARN_DEPRECATED_OBJC_IMPLEMENTATIONS = YES;
				CLANG_WARN_DIRECT_OBJC_ISA_USAGE = YES_ERROR;
				CLANG_WARN_DOCUMENTATION_COMMENTS = YES;
				CLANG_WARN_EMPTY_BODY = YES;
				CLANG_WARN_ENUM_CONVERSION = YES;
				CLANG_WARN_INFINITE_RECURSION = YES;
				CLANG_WARN_INT_CONVERSION = YES;
				CLANG_WARN_NON_LITERAL_NULL_CONVERSION = YES;
				CLANG_WARN_OBJC_IMPLICIT_RETAIN_SELF = YES;
				CLANG_WARN_OBJC_LITERAL_CONVERSION = YES;
				CLANG_WARN_OBJC_ROOT_CLASS = YES_ERROR;
				CLANG_WARN_QUOTED_INCLUDE_IN_FRAMEWORK_HEADER = YES;
				CLANG_WARN_RANGE_LOOP_ANALYSIS = YES;
				CLANG_WARN_STRICT_PROTOTYPES = YES;
				CLANG_WARN_SUSPICIOUS_MOVE = YES;
				CLANG_WARN_UNREACHABLE_CODE = YES;
				CLANG_WARN__DUPLICATE_METHOD_MATCH = YES;
				COPY_PHASE_STRIP = NO;
				DEBUG_INFORMATION_FORMAT = "dwarf-with-dsym";
				ENABLE_NS_ASSERTIONS = NO;
				ENABLE_STRICT_OBJC_MSGSEND = YES;
				GCC_C_LANGUAGE_STANDARD = gnu99;
				GCC_NO_COMMON_BLOCKS = YES;
				GCC_WARN_64_TO_32_BIT_CONVERSION = YES;
				GCC_WARN_ABOUT_RETURN_TYPE = YES_ERROR;
				GCC_WARN_UNDECLARED_SELECTOR = YES;
				GCC_WARN_UNINITIALIZED_AUTOS = YES_AGGRESSIVE;
				GCC_WARN_UNUSED_FUNCTION = YES;
				GCC_WARN_UNUSED_VARIABLE = YES;
				MTL_ENABLE_DEBUG_INFO = NO;
				SDKROOT = appletvos;
				SWIFT_OPTIMIZATION_LEVEL = "-Owholemodule";
				TARGETED_DEVICE_FAMILY = 3;
				TVOS_DEPLOYMENT_TARGET = 13.0;
				VALIDATE_PRODUCT = YES;
			};
			name = Release;
		};
		24332BE41E108D1A00D5AA18 /* Debug */ = {
			isa = XCBuildConfiguration;
			baseConfigurationReference = 889B88034148F2099F4C25C1 /* Pods-WatchItLater.debug.xcconfig */;
			buildSettings = {
				ALWAYS_EMBED_SWIFT_STANDARD_LIBRARIES = "$(inherited)";
				ASSETCATALOG_COMPILER_APPICON_NAME = "Brand Assets";
				ASSETCATALOG_COMPILER_LAUNCHIMAGE_NAME = LaunchImage;
				CLANG_ENABLE_MODULES = YES;
				CODE_SIGN_ENTITLEMENTS = "App/Supporting Files/WatchItLater.entitlements";
				CODE_SIGN_IDENTITY = "Apple Development";
				"CODE_SIGN_IDENTITY[sdk=appletvos*]" = "iPhone Developer";
				CODE_SIGN_STYLE = Automatic;
				CURRENT_PROJECT_VERSION = 42;
				DEVELOPMENT_TEAM = 2KB59GPA9B;
				FRAMEWORK_SEARCH_PATHS = (
					"$(inherited)",
					"$(PROJECT_DIR)/**",
				);
				INFOPLIST_FILE = "App/Supporting Files/Info.plist";
				LD_RUNPATH_SEARCH_PATHS = "$(inherited) @executable_path/Frameworks";
				MARKETING_VERSION = 2.0.6;
				PRODUCT_BUNDLE_IDENTIFIER = co.weiran.WatchItLater;
				PRODUCT_NAME = "$(TARGET_NAME)";
				PROVISIONING_PROFILE = "";
				PROVISIONING_PROFILE_SPECIFIER = "";
				SWIFT_OBJC_BRIDGING_HEADER = "App/Supporting Files/WatchItLater-Bridging-Header.h";
				SWIFT_OPTIMIZATION_LEVEL = "-Onone";
				SWIFT_VERSION = 5.0;
				TVOS_DEPLOYMENT_TARGET = 14.0;
			};
			name = Debug;
		};
		24332BE51E108D1A00D5AA18 /* Release */ = {
			isa = XCBuildConfiguration;
			baseConfigurationReference = 4016E8F0C73D7075DAA216C0 /* Pods-WatchItLater.release.xcconfig */;
			buildSettings = {
				ALWAYS_EMBED_SWIFT_STANDARD_LIBRARIES = "$(inherited)";
				ASSETCATALOG_COMPILER_APPICON_NAME = "Brand Assets";
				ASSETCATALOG_COMPILER_LAUNCHIMAGE_NAME = LaunchImage;
				CLANG_ENABLE_MODULES = YES;
				CODE_SIGN_ENTITLEMENTS = "App/Supporting Files/WatchItLater.entitlements";
				CODE_SIGN_IDENTITY = "Apple Development";
				"CODE_SIGN_IDENTITY[sdk=appletvos*]" = "iPhone Developer";
				CODE_SIGN_STYLE = Automatic;
				CURRENT_PROJECT_VERSION = 42;
				DEVELOPMENT_TEAM = 2KB59GPA9B;
				FRAMEWORK_SEARCH_PATHS = (
					"$(inherited)",
					"$(PROJECT_DIR)/**",
				);
				INFOPLIST_FILE = "App/Supporting Files/Info.plist";
				LD_RUNPATH_SEARCH_PATHS = "$(inherited) @executable_path/Frameworks";
				MARKETING_VERSION = 2.0.6;
				PRODUCT_BUNDLE_IDENTIFIER = co.weiran.WatchItLater;
				PRODUCT_NAME = "$(TARGET_NAME)";
				PROVISIONING_PROFILE = "";
				PROVISIONING_PROFILE_SPECIFIER = "";
				SWIFT_OBJC_BRIDGING_HEADER = "App/Supporting Files/WatchItLater-Bridging-Header.h";
				SWIFT_VERSION = 5.0;
				TVOS_DEPLOYMENT_TARGET = 14.0;
			};
			name = Release;
		};
/* End XCBuildConfiguration section */

/* Begin XCConfigurationList section */
		24332BCF1E108D1A00D5AA18 /* Build configuration list for PBXProject "WatchItLater" */ = {
			isa = XCConfigurationList;
			buildConfigurations = (
				24332BE11E108D1A00D5AA18 /* Debug */,
				24332BE21E108D1A00D5AA18 /* Release */,
			);
			defaultConfigurationIsVisible = 0;
			defaultConfigurationName = Release;
		};
		24332BE31E108D1A00D5AA18 /* Build configuration list for PBXNativeTarget "WatchItLater" */ = {
			isa = XCConfigurationList;
			buildConfigurations = (
				24332BE41E108D1A00D5AA18 /* Debug */,
				24332BE51E108D1A00D5AA18 /* Release */,
			);
			defaultConfigurationIsVisible = 0;
			defaultConfigurationName = Release;
		};
/* End XCConfigurationList section */
	};
	rootObject = 24332BCC1E108D1A00D5AA18 /* Project object */;
}
