PODS:
  - Locksmith (4.0.0)
  - Nuke (10.7.1)
  - PromiseKit/CorePromise (6.18.1)
  - Realm (10.28.6):
    - Realm/Headers (= 10.28.6)
  - Realm/Headers (10.28.6)
  - RealmSwift (10.28.6):
    - Realm (= 10.28.6)
  - SwiftyUserDefaults (5.3.0)
  - Swinject (2.7.1)
  - SwinjectStoryboard (2.2.2):
    - Swinject (~> 2.7.1)
  - XCDYouTubeKit-kbexdev (2.16.0)

DEPENDENCIES:
  - Locksmith
  - Nuke
  - PromiseKit/CorePromise
  - RealmSwift
  - SwiftyUserDefaults
  - Swinject
  - SwinjectStoryboard
  - XCDYouTubeKit-kbexdev

SPEC REPOS:
  trunk:
    - Locksmith
    - Nuke
    - PromiseKit
    - Realm
    - RealmSwift
    - SwiftyUserDefaults
    - Swinject
    - SwinjectStoryboard
    - XCDYouTubeKit-kbexdev

SPEC CHECKSUMS:
  Locksmith: e9bebbaaa4cee3c511bc358a44f843c3fe00e21f
  Nuke: 279f17a599fd1c83cf51de5e0e1f2db143a287b0
  PromiseKit: 49d70c53d5d20e346beaea4b276b5dd2ab446bb4
  Realm: 9b12f16a14446d7d46a9e36225d0a0332a6ec739
  RealmSwift: 5927726fce21005f43b1fb57c832297a22031bfc
  SwiftyUserDefaults: 63f80248cf5bfb3458825d9a78f2eb7e1293a040
  Swinject: ddf78b8486dd9b71a667b852cad919ab4484478e
  SwinjectStoryboard: 240ce371396da09a4c43c72ee5c148108500e184
  XCDYouTubeKit-kbexdev: d6bdf492b85a547fe8605568359ec2e91980a465

PODFILE CHECKSUM: 2107476228fbcde22404adac8b35f2b397884216

COCOAPODS: 1.11.3
