PODS:
  - Kingfisher (5.13.4):
    - Kingfisher/Core (= 5.13.4)
  - Kingfisher/Core (5.13.4)
  - Locksmith (4.0.0)
  - PromiseKit/CorePromise (6.13.1)
  - Realm (4.4.1):
    - Realm/Headers (= 4.4.1)
  - Realm/Headers (4.4.1)
  - RealmSwift (4.4.1):
    - Realm (= 4.4.1)
  - SwiftyUserDefaults (5.0.0)
  - Swinject (2.7.1)
  - SwinjectStoryboard (2.2.0):
    - Swinject (~> 2.6)
  - TVVLCKit (3.3.10)
  - TVVLCPlayer (1.1.0):
    - TVVLCKit
  - XCDYouTubeKit (2.13.0)
  - YTVimeoExtractor (1.2.0)

DEPENDENCIES:
  - Kingfisher
  - Locksmith
  - PromiseKit/CorePromise
  - RealmSwift
  - SwiftyUserDefaults
  - Swinject
  - SwinjectStoryboard
  - TVVLCKit
  - TVVLCPlayer (from `https://github.com/weiran/TVVLCPlayer`, branch `kodlian_master`)
  - XCDYouTubeKit
  - YTVimeoExtractor (from `https://github.com/lilfaf/YTVimeoExtractor`, commit `57bf479e860abd7dcd5fcbc520062cea3c7b5587`)

SPEC REPOS:
  trunk:
    - Kingfisher
    - Locksmith
    - PromiseKit
    - Realm
    - RealmSwift
    - SwiftyUserDefaults
    - Swinject
    - SwinjectStoryboard
    - TVVLCKit
    - XCDYouTubeKit

EXTERNAL SOURCES:
  TVVLCPlayer:
    :branch: kodlian_master
    :git: https://github.com/weiran/TVVLCPlayer
  YTVimeoExtractor:
    :commit: 57bf479e860abd7dcd5fcbc520062cea3c7b5587
    :git: https://github.com/lilfaf/YTVimeoExtractor

CHECKOUT OPTIONS:
  TVVLCPlayer:
    :commit: 79564c0a0e0d43bca294b415bdcfb96825a55c72
    :git: https://github.com/weiran/TVVLCPlayer
  YTVimeoExtractor:
    :commit: 57bf479e860abd7dcd5fcbc520062cea3c7b5587
    :git: https://github.com/lilfaf/YTVimeoExtractor

SPEC CHECKSUMS:
  Kingfisher: d2279a7abece3c7f25a80cd2b7f363ca5cf3f44c
  Locksmith: e9bebbaaa4cee3c511bc358a44f843c3fe00e21f
  PromiseKit: 28fda91c973cc377875d8c0ea4f973013c05b6db
  Realm: 4eb04d7487bd43c0581256f40b424eafb711deff
  RealmSwift: 3eb8924ff7100df5928c7602f71d0fec51e7c9c5
  SwiftyUserDefaults: 33fcb42bd1feb53a37d873feb62c82967db5f7f6
  Swinject: ddf78b8486dd9b71a667b852cad919ab4484478e
  SwinjectStoryboard: 32512ef16c2b0ff5b8f823b23539c4a50f6d3383
  TVVLCKit: f638dcaf37a6ba4027161cbc27be86f0cb02d2f7
  TVVLCPlayer: 357ae9ec2c52ff6cdd41588fe3e58525640a41eb
  XCDYouTubeKit: 4902fca1721b593112b6607c509a089e911294f3
  YTVimeoExtractor: f4ed90f43e08d33d56c1d1aff3f4f64663747966

PODFILE CHECKSUM: 871f315a4343fbe8ae7b9747032696a65c8e8c38

COCOAPODS: 1.9.1
