PODS:
  - AsyncImageView (1.6)
  - Locksmith (4.0.0)
  - PromiseKit (4.5.2):
    - PromiseKit/Foundation (= 4.5.2)
    - PromiseKit/QuartzCore (= 4.5.2)
    - PromiseKit/UIKit (= 4.5.2)
  - PromiseKit/CorePromise (4.5.2)
  - PromiseKit/Foundation (4.5.2):
    - PromiseKit/CorePromise
  - PromiseKit/QuartzCore (4.5.2):
    - PromiseKit/CorePromise
  - PromiseKit/UIKit (4.5.2):
    - PromiseKit/CorePromise
  - Realm (3.7.2):
    - Realm/Headers (= 3.7.2)
  - Realm/Headers (3.7.2)
  - RealmSwift (3.7.2):
    - Realm (= 3.7.2)
  - SwiftyUserDefaults (3.0.1)
  - Swinject (2.4.1)
  - SwinjectStoryboard (2.0.1):
    - Swinject (~> 2.4)
  - TVVLCKit (3.1.0)
  - TVVLCPlayer (1.0.2):
    - TVVLCKit
  - XCDYouTubeKit (2.5.6)
  - YTVimeoExtractor (1.2.0)

DEPENDENCIES:
  - AsyncImageView
  - Locksmith
  - PromiseKit (~> 4.x)
  - RealmSwift
  - SwiftyUserDefaults
  - Swinject
  - SwinjectStoryboard
  - TVVLCKit
  - TVVLCPlayer (from `https://github.com/weiran/TVVLCPlayer`, commit `39cf52ea5b2793dea9ff54317b4b4dcf5be41dfa`)
  - XCDYouTubeKit
  - YTVimeoExtractor (from `https://github.com/lilfaf/YTVimeoExtractor`, commit `57bf479e860abd7dcd5fcbc520062cea3c7b5587`)

EXTERNAL SOURCES:
  TVVLCPlayer:
    :commit: 39cf52ea5b2793dea9ff54317b4b4dcf5be41dfa
    :git: https://github.com/weiran/TVVLCPlayer
  YTVimeoExtractor:
    :commit: 57bf479e860abd7dcd5fcbc520062cea3c7b5587
    :git: https://github.com/lilfaf/YTVimeoExtractor

CHECKOUT OPTIONS:
  TVVLCPlayer:
    :commit: 39cf52ea5b2793dea9ff54317b4b4dcf5be41dfa
    :git: https://github.com/weiran/TVVLCPlayer
  YTVimeoExtractor:
    :commit: 57bf479e860abd7dcd5fcbc520062cea3c7b5587
    :git: https://github.com/lilfaf/YTVimeoExtractor

SPEC CHECKSUMS:
  AsyncImageView: 416e99402e5b1f20571de70ad619ced90f56a7d9
  Locksmith: e9bebbaaa4cee3c511bc358a44f843c3fe00e21f
  PromiseKit: 743e497a5f505a470d3bbbf4ce0663c1268af0a4
  Realm: dd18c3014e8d90df300b83c6da740067436089c5
  RealmSwift: 79917cae59a0c43ef8118b233a5978891dd50b4a
  SwiftyUserDefaults: 3d273b1739b68ada3145dc754a70ec775bc5c8be
  Swinject: f7f15a9672e99328c1f07f277091087917215700
  SwinjectStoryboard: ad2529218a1504cc888040ee56c13d7cb1cc7998
  TVVLCKit: 9474d4644124917d29585b3962f2f3fb64cbc64a
  TVVLCPlayer: 9a78db6f5363e747213d5318edd2cc8cc73af8ec
  XCDYouTubeKit: dccfe0c17dd5c5187969ec27e93069573badb08f
  YTVimeoExtractor: f4ed90f43e08d33d56c1d1aff3f4f64663747966

PODFILE CHECKSUM: 3d8e554fd9d0dd3eeac3e9c45a14fccd1d50fe63

COCOAPODS: 1.4.0
