// !$*UTF8*$!
{
	archiveVersion = 1;
	classes = {
	};
	objectVersion = 46;
	objects = {

/* Begin PBXBuildFile section */
		24332BD81E108D1A00D5AA18 /* AppDelegate.swift in Sources */ = {isa = PBXBuildFile; fileRef = 24332BD71E108D1A00D5AA18 /* AppDelegate.swift */; };
		24332BDA1E108D1A00D5AA18 /* ViewController.swift in Sources */ = {isa = PBXBuildFile; fileRef = 24332BD91E108D1A00D5AA18 /* ViewController.swift */; };
		24332BDD1E108D1A00D5AA18 /* Main.storyboard in Resources */ = {isa = PBXBuildFile; fileRef = 24332BDB1E108D1A00D5AA18 /* Main.storyboard */; };
		24332BDF1E108D1A00D5AA18 /* Assets.xcassets in Resources */ = {isa = PBXBuildFile; fileRef = 24332BDE1E108D1A00D5AA18 /* Assets.xcassets */; };
		24988A551E141E37003E46FB /* AVKit.framework in Frameworks */ = {isa = PBXBuildFile; fileRef = 24988A541E141E37003E46FB /* AVKit.framework */; };
		24988A8D1E143A50003E46FB /* IKBookmark.m in Sources */ = {isa = PBXBuildFile; fileRef = 24988A771E143A50003E46FB /* IKBookmark.m */; };
		24988A8E1E143A50003E46FB /* IKConstants.m in Sources */ = {isa = PBXBuildFile; fileRef = 24988A791E143A50003E46FB /* IKConstants.m */; };
		24988A8F1E143A50003E46FB /* IKDeserializer.m in Sources */ = {isa = PBXBuildFile; fileRef = 24988A7B1E143A50003E46FB /* IKDeserializer.m */; };
		24988A901E143A50003E46FB /* IKEngine.m in Sources */ = {isa = PBXBuildFile; fileRef = 24988A7D1E143A50003E46FB /* IKEngine.m */; };
		24988A911E143A50003E46FB /* IKFolder.m in Sources */ = {isa = PBXBuildFile; fileRef = 24988A7F1E143A50003E46FB /* IKFolder.m */; };
		24988A921E143A50003E46FB /* IKURLConnection.m in Sources */ = {isa = PBXBuildFile; fileRef = 24988A821E143A50003E46FB /* IKURLConnection.m */; };
		24988A931E143A50003E46FB /* IKUser.m in Sources */ = {isa = PBXBuildFile; fileRef = 24988A841E143A50003E46FB /* IKUser.m */; };
		24988A941E143A50003E46FB /* NSString+IKEncoding.m in Sources */ = {isa = PBXBuildFile; fileRef = 24988A871E143A50003E46FB /* NSString+IKEncoding.m */; };
		24988A951E143A50003E46FB /* NSData+Base64.m in Sources */ = {isa = PBXBuildFile; fileRef = 24988A891E143A50003E46FB /* NSData+Base64.m */; };
		C2FC143D186A289451DB2089 /* Pods_Instapaper_TV.framework in Frameworks */ = {isa = PBXBuildFile; fileRef = 0907EFA89238A51C318C6A1B /* Pods_Instapaper_TV.framework */; };
/* End PBXBuildFile section */

/* Begin PBXFileReference section */
		0907EFA89238A51C318C6A1B /* Pods_Instapaper_TV.framework */ = {isa = PBXFileReference; explicitFileType = wrapper.framework; includeInIndex = 0; path = Pods_Instapaper_TV.framework; sourceTree = BUILT_PRODUCTS_DIR; };
		24332BD41E108D1A00D5AA18 /* Instapaper TV.app */ = {isa = PBXFileReference; explicitFileType = wrapper.application; includeInIndex = 0; path = "Instapaper TV.app"; sourceTree = BUILT_PRODUCTS_DIR; };
		24332BD71E108D1A00D5AA18 /* AppDelegate.swift */ = {isa = PBXFileReference; lastKnownFileType = sourcecode.swift; path = AppDelegate.swift; sourceTree = "<group>"; };
		24332BD91E108D1A00D5AA18 /* ViewController.swift */ = {isa = PBXFileReference; lastKnownFileType = sourcecode.swift; path = ViewController.swift; sourceTree = "<group>"; };
		24332BDC1E108D1A00D5AA18 /* Base */ = {isa = PBXFileReference; lastKnownFileType = file.storyboard; name = Base; path = Base.lproj/Main.storyboard; sourceTree = "<group>"; };
		24332BDE1E108D1A00D5AA18 /* Assets.xcassets */ = {isa = PBXFileReference; lastKnownFileType = folder.assetcatalog; path = Assets.xcassets; sourceTree = "<group>"; };
		24332BE01E108D1A00D5AA18 /* Info.plist */ = {isa = PBXFileReference; lastKnownFileType = text.plist.xml; path = Info.plist; sourceTree = "<group>"; };
		24988A541E141E37003E46FB /* AVKit.framework */ = {isa = PBXFileReference; lastKnownFileType = wrapper.framework; name = AVKit.framework; path = System/Library/Frameworks/AVKit.framework; sourceTree = SDKROOT; };
		24988A761E143A50003E46FB /* IKBookmark.h */ = {isa = PBXFileReference; fileEncoding = 4; lastKnownFileType = sourcecode.c.h; path = IKBookmark.h; sourceTree = "<group>"; };
		24988A771E143A50003E46FB /* IKBookmark.m */ = {isa = PBXFileReference; fileEncoding = 4; lastKnownFileType = sourcecode.c.objc; path = IKBookmark.m; sourceTree = "<group>"; };
		24988A781E143A50003E46FB /* IKConstants.h */ = {isa = PBXFileReference; fileEncoding = 4; lastKnownFileType = sourcecode.c.h; path = IKConstants.h; sourceTree = "<group>"; };
		24988A791E143A50003E46FB /* IKConstants.m */ = {isa = PBXFileReference; fileEncoding = 4; lastKnownFileType = sourcecode.c.objc; path = IKConstants.m; sourceTree = "<group>"; };
		24988A7A1E143A50003E46FB /* IKDeserializer.h */ = {isa = PBXFileReference; fileEncoding = 4; lastKnownFileType = sourcecode.c.h; path = IKDeserializer.h; sourceTree = "<group>"; };
		24988A7B1E143A50003E46FB /* IKDeserializer.m */ = {isa = PBXFileReference; fileEncoding = 4; lastKnownFileType = sourcecode.c.objc; path = IKDeserializer.m; sourceTree = "<group>"; };
		24988A7C1E143A50003E46FB /* IKEngine.h */ = {isa = PBXFileReference; fileEncoding = 4; lastKnownFileType = sourcecode.c.h; path = IKEngine.h; sourceTree = "<group>"; };
		24988A7D1E143A50003E46FB /* IKEngine.m */ = {isa = PBXFileReference; fileEncoding = 4; lastKnownFileType = sourcecode.c.objc; path = IKEngine.m; sourceTree = "<group>"; };
		24988A7E1E143A50003E46FB /* IKFolder.h */ = {isa = PBXFileReference; fileEncoding = 4; lastKnownFileType = sourcecode.c.h; path = IKFolder.h; sourceTree = "<group>"; };
		24988A7F1E143A50003E46FB /* IKFolder.m */ = {isa = PBXFileReference; fileEncoding = 4; lastKnownFileType = sourcecode.c.objc; path = IKFolder.m; sourceTree = "<group>"; };
		24988A801E143A50003E46FB /* IKURLConnection+Private.h */ = {isa = PBXFileReference; fileEncoding = 4; lastKnownFileType = sourcecode.c.h; path = "IKURLConnection+Private.h"; sourceTree = "<group>"; };
		24988A811E143A50003E46FB /* IKURLConnection.h */ = {isa = PBXFileReference; fileEncoding = 4; lastKnownFileType = sourcecode.c.h; path = IKURLConnection.h; sourceTree = "<group>"; };
		24988A821E143A50003E46FB /* IKURLConnection.m */ = {isa = PBXFileReference; fileEncoding = 4; lastKnownFileType = sourcecode.c.objc; path = IKURLConnection.m; sourceTree = "<group>"; };
		24988A831E143A50003E46FB /* IKUser.h */ = {isa = PBXFileReference; fileEncoding = 4; lastKnownFileType = sourcecode.c.h; path = IKUser.h; sourceTree = "<group>"; };
		24988A841E143A50003E46FB /* IKUser.m */ = {isa = PBXFileReference; fileEncoding = 4; lastKnownFileType = sourcecode.c.objc; path = IKUser.m; sourceTree = "<group>"; };
		24988A851E143A50003E46FB /* InstapaperKit.h */ = {isa = PBXFileReference; fileEncoding = 4; lastKnownFileType = sourcecode.c.h; path = InstapaperKit.h; sourceTree = "<group>"; };
		24988A861E143A50003E46FB /* NSString+IKEncoding.h */ = {isa = PBXFileReference; fileEncoding = 4; lastKnownFileType = sourcecode.c.h; path = "NSString+IKEncoding.h"; sourceTree = "<group>"; };
		24988A871E143A50003E46FB /* NSString+IKEncoding.m */ = {isa = PBXFileReference; fileEncoding = 4; lastKnownFileType = sourcecode.c.objc; path = "NSString+IKEncoding.m"; sourceTree = "<group>"; };
		24988A881E143A50003E46FB /* NSData+Base64.h */ = {isa = PBXFileReference; fileEncoding = 4; lastKnownFileType = sourcecode.c.h; path = "NSData+Base64.h"; sourceTree = "<group>"; };
		24988A891E143A50003E46FB /* NSData+Base64.m */ = {isa = PBXFileReference; fileEncoding = 4; lastKnownFileType = sourcecode.c.objc; path = "NSData+Base64.m"; sourceTree = "<group>"; };
		24D942411E113238008387CC /* Instapaper TV-Bridging-Header.h */ = {isa = PBXFileReference; lastKnownFileType = sourcecode.c.h; path = "Instapaper TV-Bridging-Header.h"; sourceTree = "<group>"; };
		7BF35E4AB8148B4EB34F3F97 /* Pods-Instapaper TV.debug.xcconfig */ = {isa = PBXFileReference; includeInIndex = 1; lastKnownFileType = text.xcconfig; name = "Pods-Instapaper TV.debug.xcconfig"; path = "Pods/Target Support Files/Pods-Instapaper TV/Pods-Instapaper TV.debug.xcconfig"; sourceTree = "<group>"; };
		A4008F7C45C94E53A734621B /* Pods-Instapaper TV.release.xcconfig */ = {isa = PBXFileReference; includeInIndex = 1; lastKnownFileType = text.xcconfig; name = "Pods-Instapaper TV.release.xcconfig"; path = "Pods/Target Support Files/Pods-Instapaper TV/Pods-Instapaper TV.release.xcconfig"; sourceTree = "<group>"; };
/* End PBXFileReference section */

/* Begin PBXFrameworksBuildPhase section */
		24332BD11E108D1A00D5AA18 /* Frameworks */ = {
			isa = PBXFrameworksBuildPhase;
			buildActionMask = 2147483647;
			files = (
				24988A551E141E37003E46FB /* AVKit.framework in Frameworks */,
				C2FC143D186A289451DB2089 /* Pods_Instapaper_TV.framework in Frameworks */,
			);
			runOnlyForDeploymentPostprocessing = 0;
		};
/* End PBXFrameworksBuildPhase section */

/* Begin PBXGroup section */
		24332BCB1E108D1900D5AA18 = {
			isa = PBXGroup;
			children = (
				24332BD61E108D1A00D5AA18 /* Instapaper TV */,
				24988A8C1E143A50003E46FB /* InstapaperKit */,
				D279746CFF176AADEDCE0547 /* Frameworks */,
				24332BD51E108D1A00D5AA18 /* Products */,
				47394F7B99E535ACC4A2C3CA /* Pods */,
			);
			sourceTree = "<group>";
		};
		24332BD51E108D1A00D5AA18 /* Products */ = {
			isa = PBXGroup;
			children = (
				24332BD41E108D1A00D5AA18 /* Instapaper TV.app */,
			);
			name = Products;
			sourceTree = "<group>";
		};
		24332BD61E108D1A00D5AA18 /* Instapaper TV */ = {
			isa = PBXGroup;
			children = (
				24332BD71E108D1A00D5AA18 /* AppDelegate.swift */,
				24332BDE1E108D1A00D5AA18 /* Assets.xcassets */,
				24332BE01E108D1A00D5AA18 /* Info.plist */,
				24D942411E113238008387CC /* Instapaper TV-Bridging-Header.h */,
				24332BDB1E108D1A00D5AA18 /* Main.storyboard */,
				24332BD91E108D1A00D5AA18 /* ViewController.swift */,
			);
			path = "Instapaper TV";
			sourceTree = "<group>";
		};
		24988A8A1E143A50003E46FB /* Base64 */ = {
			isa = PBXGroup;
			children = (
				24988A881E143A50003E46FB /* NSData+Base64.h */,
				24988A891E143A50003E46FB /* NSData+Base64.m */,
			);
			path = Base64;
			sourceTree = "<group>";
		};
		24988A8B1E143A50003E46FB /* Third Party */ = {
			isa = PBXGroup;
			children = (
				24988A8A1E143A50003E46FB /* Base64 */,
			);
			path = "Third Party";
			sourceTree = "<group>";
		};
		24988A8C1E143A50003E46FB /* InstapaperKit */ = {
			isa = PBXGroup;
			children = (
				24988A761E143A50003E46FB /* IKBookmark.h */,
				24988A771E143A50003E46FB /* IKBookmark.m */,
				24988A781E143A50003E46FB /* IKConstants.h */,
				24988A791E143A50003E46FB /* IKConstants.m */,
				24988A7A1E143A50003E46FB /* IKDeserializer.h */,
				24988A7B1E143A50003E46FB /* IKDeserializer.m */,
				24988A7C1E143A50003E46FB /* IKEngine.h */,
				24988A7D1E143A50003E46FB /* IKEngine.m */,
				24988A7E1E143A50003E46FB /* IKFolder.h */,
				24988A7F1E143A50003E46FB /* IKFolder.m */,
				24988A801E143A50003E46FB /* IKURLConnection+Private.h */,
				24988A811E143A50003E46FB /* IKURLConnection.h */,
				24988A821E143A50003E46FB /* IKURLConnection.m */,
				24988A831E143A50003E46FB /* IKUser.h */,
				24988A841E143A50003E46FB /* IKUser.m */,
				24988A851E143A50003E46FB /* InstapaperKit.h */,
				24988A861E143A50003E46FB /* NSString+IKEncoding.h */,
				24988A871E143A50003E46FB /* NSString+IKEncoding.m */,
				24988A8B1E143A50003E46FB /* Third Party */,
			);
			path = InstapaperKit;
			sourceTree = "<group>";
		};
		47394F7B99E535ACC4A2C3CA /* Pods */ = {
			isa = PBXGroup;
			children = (
				7BF35E4AB8148B4EB34F3F97 /* Pods-Instapaper TV.debug.xcconfig */,
				A4008F7C45C94E53A734621B /* Pods-Instapaper TV.release.xcconfig */,
			);
			name = Pods;
			sourceTree = "<group>";
		};
		D279746CFF176AADEDCE0547 /* Frameworks */ = {
			isa = PBXGroup;
			children = (
				24988A541E141E37003E46FB /* AVKit.framework */,
				0907EFA89238A51C318C6A1B /* Pods_Instapaper_TV.framework */,
			);
			name = Frameworks;
			sourceTree = "<group>";
		};
/* End PBXGroup section */

/* Begin PBXNativeTarget section */
		24332BD31E108D1A00D5AA18 /* Instapaper TV */ = {
			isa = PBXNativeTarget;
			buildConfigurationList = 24332BE31E108D1A00D5AA18 /* Build configuration list for PBXNativeTarget "Instapaper TV" */;
			buildPhases = (
				3A41687B673BDB494F279B40 /* [CP] Check Pods Manifest.lock */,
				24332BD01E108D1A00D5AA18 /* Sources */,
				24332BD11E108D1A00D5AA18 /* Frameworks */,
				24332BD21E108D1A00D5AA18 /* Resources */,
				86F486C508DEAF72E4640F96 /* [CP] Embed Pods Frameworks */,
				956807396A09D443F2936B47 /* [CP] Copy Pods Resources */,
			);
			buildRules = (
			);
			dependencies = (
			);
			name = "Instapaper TV";
			productName = "Instapaper TV";
			productReference = 24332BD41E108D1A00D5AA18 /* Instapaper TV.app */;
			productType = "com.apple.product-type.application";
		};
/* End PBXNativeTarget section */

/* Begin PBXProject section */
		24332BCC1E108D1A00D5AA18 /* Project object */ = {
			isa = PBXProject;
			attributes = {
				LastSwiftUpdateCheck = 0820;
				LastUpgradeCheck = 0820;
				ORGANIZATIONNAME = "Weiran Zhang";
				TargetAttributes = {
					24332BD31E108D1A00D5AA18 = {
						CreatedOnToolsVersion = 8.2.1;
						DevelopmentTeam = 2KB59GPA9B;
						LastSwiftMigration = 0820;
						ProvisioningStyle = Automatic;
					};
				};
			};
			buildConfigurationList = 24332BCF1E108D1A00D5AA18 /* Build configuration list for PBXProject "Instapaper TV" */;
			compatibilityVersion = "Xcode 3.2";
			developmentRegion = English;
			hasScannedForEncodings = 0;
			knownRegions = (
				en,
				Base,
			);
			mainGroup = 24332BCB1E108D1900D5AA18;
			productRefGroup = 24332BD51E108D1A00D5AA18 /* Products */;
			projectDirPath = "";
			projectRoot = "";
			targets = (
				24332BD31E108D1A00D5AA18 /* Instapaper TV */,
			);
		};
/* End PBXProject section */

/* Begin PBXResourcesBuildPhase section */
		24332BD21E108D1A00D5AA18 /* Resources */ = {
			isa = PBXResourcesBuildPhase;
			buildActionMask = 2147483647;
			files = (
				24332BDF1E108D1A00D5AA18 /* Assets.xcassets in Resources */,
				24332BDD1E108D1A00D5AA18 /* Main.storyboard in Resources */,
			);
			runOnlyForDeploymentPostprocessing = 0;
		};
/* End PBXResourcesBuildPhase section */

/* Begin PBXShellScriptBuildPhase section */
		3A41687B673BDB494F279B40 /* [CP] Check Pods Manifest.lock */ = {
			isa = PBXShellScriptBuildPhase;
			buildActionMask = 2147483647;
			files = (
			);
			inputPaths = (
			);
			name = "[CP] Check Pods Manifest.lock";
			outputPaths = (
			);
			runOnlyForDeploymentPostprocessing = 0;
			shellPath = /bin/sh;
			shellScript = "diff \"${PODS_ROOT}/../Podfile.lock\" \"${PODS_ROOT}/Manifest.lock\" > /dev/null\nif [ $? != 0 ] ; then\n    # print error to STDERR\n    echo \"error: The sandbox is not in sync with the Podfile.lock. Run 'pod install' or update your CocoaPods installation.\" >&2\n    exit 1\nfi\n";
			showEnvVarsInLog = 0;
		};
		86F486C508DEAF72E4640F96 /* [CP] Embed Pods Frameworks */ = {
			isa = PBXShellScriptBuildPhase;
			buildActionMask = 2147483647;
			files = (
			);
			inputPaths = (
			);
			name = "[CP] Embed Pods Frameworks";
			outputPaths = (
			);
			runOnlyForDeploymentPostprocessing = 0;
			shellPath = /bin/sh;
			shellScript = "\"${SRCROOT}/Pods/Target Support Files/Pods-Instapaper TV/Pods-Instapaper TV-frameworks.sh\"\n";
			showEnvVarsInLog = 0;
		};
		956807396A09D443F2936B47 /* [CP] Copy Pods Resources */ = {
			isa = PBXShellScriptBuildPhase;
			buildActionMask = 2147483647;
			files = (
			);
			inputPaths = (
			);
			name = "[CP] Copy Pods Resources";
			outputPaths = (
			);
			runOnlyForDeploymentPostprocessing = 0;
			shellPath = /bin/sh;
			shellScript = "\"${SRCROOT}/Pods/Target Support Files/Pods-Instapaper TV/Pods-Instapaper TV-resources.sh\"\n";
			showEnvVarsInLog = 0;
		};
/* End PBXShellScriptBuildPhase section */

/* Begin PBXSourcesBuildPhase section */
		24332BD01E108D1A00D5AA18 /* Sources */ = {
			isa = PBXSourcesBuildPhase;
			buildActionMask = 2147483647;
			files = (
				24332BDA1E108D1A00D5AA18 /* ViewController.swift in Sources */,
				24988A8E1E143A50003E46FB /* IKConstants.m in Sources */,
				24332BD81E108D1A00D5AA18 /* AppDelegate.swift in Sources */,
				24988A951E143A50003E46FB /* NSData+Base64.m in Sources */,
				24988A921E143A50003E46FB /* IKURLConnection.m in Sources */,
				24988A941E143A50003E46FB /* NSString+IKEncoding.m in Sources */,
				24988A901E143A50003E46FB /* IKEngine.m in Sources */,
				24988A8F1E143A50003E46FB /* IKDeserializer.m in Sources */,
				24988A911E143A50003E46FB /* IKFolder.m in Sources */,
				24988A931E143A50003E46FB /* IKUser.m in Sources */,
				24988A8D1E143A50003E46FB /* IKBookmark.m in Sources */,
			);
			runOnlyForDeploymentPostprocessing = 0;
		};
/* End PBXSourcesBuildPhase section */

/* Begin PBXVariantGroup section */
		24332BDB1E108D1A00D5AA18 /* Main.storyboard */ = {
			isa = PBXVariantGroup;
			children = (
				24332BDC1E108D1A00D5AA18 /* Base */,
			);
			name = Main.storyboard;
			path = .;
			sourceTree = "<group>";
		};
/* End PBXVariantGroup section */

/* Begin XCBuildConfiguration section */
		24332BE11E108D1A00D5AA18 /* Debug */ = {
			isa = XCBuildConfiguration;
			buildSettings = {
				ALWAYS_SEARCH_USER_PATHS = NO;
				CLANG_ANALYZER_NONNULL = YES;
				CLANG_CXX_LANGUAGE_STANDARD = "gnu++0x";
				CLANG_CXX_LIBRARY = "libc++";
				CLANG_ENABLE_MODULES = YES;
				CLANG_ENABLE_OBJC_ARC = YES;
				CLANG_WARN_BOOL_CONVERSION = YES;
				CLANG_WARN_CONSTANT_CONVERSION = YES;
				CLANG_WARN_DIRECT_OBJC_ISA_USAGE = YES_ERROR;
				CLANG_WARN_DOCUMENTATION_COMMENTS = YES;
				CLANG_WARN_EMPTY_BODY = YES;
				CLANG_WARN_ENUM_CONVERSION = YES;
				CLANG_WARN_INFINITE_RECURSION = YES;
				CLANG_WARN_INT_CONVERSION = YES;
				CLANG_WARN_OBJC_ROOT_CLASS = YES_ERROR;
				CLANG_WARN_SUSPICIOUS_MOVE = YES;
				CLANG_WARN_UNREACHABLE_CODE = YES;
				CLANG_WARN__DUPLICATE_METHOD_MATCH = YES;
				COPY_PHASE_STRIP = NO;
				DEBUG_INFORMATION_FORMAT = dwarf;
				ENABLE_STRICT_OBJC_MSGSEND = YES;
				ENABLE_TESTABILITY = YES;
				GCC_C_LANGUAGE_STANDARD = gnu99;
				GCC_DYNAMIC_NO_PIC = NO;
				GCC_NO_COMMON_BLOCKS = YES;
				GCC_OPTIMIZATION_LEVEL = 0;
				GCC_PREPROCESSOR_DEFINITIONS = (
					"DEBUG=1",
					"$(inherited)",
				);
				GCC_WARN_64_TO_32_BIT_CONVERSION = YES;
				GCC_WARN_ABOUT_RETURN_TYPE = YES_ERROR;
				GCC_WARN_UNDECLARED_SELECTOR = YES;
				GCC_WARN_UNINITIALIZED_AUTOS = YES_AGGRESSIVE;
				GCC_WARN_UNUSED_FUNCTION = YES;
				GCC_WARN_UNUSED_VARIABLE = YES;
				MTL_ENABLE_DEBUG_INFO = YES;
				ONLY_ACTIVE_ARCH = YES;
				SDKROOT = appletvos;
				SWIFT_ACTIVE_COMPILATION_CONDITIONS = DEBUG;
				SWIFT_OPTIMIZATION_LEVEL = "-Onone";
				TARGETED_DEVICE_FAMILY = 3;
				TVOS_DEPLOYMENT_TARGET = 10.1;
			};
			name = Debug;
		};
		24332BE21E108D1A00D5AA18 /* Release */ = {
			isa = XCBuildConfiguration;
			buildSettings = {
				ALWAYS_SEARCH_USER_PATHS = NO;
				CLANG_ANALYZER_NONNULL = YES;
				CLANG_CXX_LANGUAGE_STANDARD = "gnu++0x";
				CLANG_CXX_LIBRARY = "libc++";
				CLANG_ENABLE_MODULES = YES;
				CLANG_ENABLE_OBJC_ARC = YES;
				CLANG_WARN_BOOL_CONVERSION = YES;
				CLANG_WARN_CONSTANT_CONVERSION = YES;
				CLANG_WARN_DIRECT_OBJC_ISA_USAGE = YES_ERROR;
				CLANG_WARN_DOCUMENTATION_COMMENTS = YES;
				CLANG_WARN_EMPTY_BODY = YES;
				CLANG_WARN_ENUM_CONVERSION = YES;
				CLANG_WARN_INFINITE_RECURSION = YES;
				CLANG_WARN_INT_CONVERSION = YES;
				CLANG_WARN_OBJC_ROOT_CLASS = YES_ERROR;
				CLANG_WARN_SUSPICIOUS_MOVE = YES;
				CLANG_WARN_UNREACHABLE_CODE = YES;
				CLANG_WARN__DUPLICATE_METHOD_MATCH = YES;
				COPY_PHASE_STRIP = NO;
				DEBUG_INFORMATION_FORMAT = "dwarf-with-dsym";
				ENABLE_NS_ASSERTIONS = NO;
				ENABLE_STRICT_OBJC_MSGSEND = YES;
				GCC_C_LANGUAGE_STANDARD = gnu99;
				GCC_NO_COMMON_BLOCKS = YES;
				GCC_WARN_64_TO_32_BIT_CONVERSION = YES;
				GCC_WARN_ABOUT_RETURN_TYPE = YES_ERROR;
				GCC_WARN_UNDECLARED_SELECTOR = YES;
				GCC_WARN_UNINITIALIZED_AUTOS = YES_AGGRESSIVE;
				GCC_WARN_UNUSED_FUNCTION = YES;
				GCC_WARN_UNUSED_VARIABLE = YES;
				MTL_ENABLE_DEBUG_INFO = NO;
				SDKROOT = appletvos;
				SWIFT_OPTIMIZATION_LEVEL = "-Owholemodule";
				TARGETED_DEVICE_FAMILY = 3;
				TVOS_DEPLOYMENT_TARGET = 10.1;
				VALIDATE_PRODUCT = YES;
			};
			name = Release;
		};
		24332BE41E108D1A00D5AA18 /* Debug */ = {
			isa = XCBuildConfiguration;
			baseConfigurationReference = 7BF35E4AB8148B4EB34F3F97 /* Pods-Instapaper TV.debug.xcconfig */;
			buildSettings = {
				ASSETCATALOG_COMPILER_APPICON_NAME = "App Icon & Top Shelf Image";
				ASSETCATALOG_COMPILER_LAUNCHIMAGE_NAME = LaunchImage;
				CLANG_ENABLE_MODULES = YES;
				DEVELOPMENT_TEAM = 2KB59GPA9B;
				FRAMEWORK_SEARCH_PATHS = (
					"$(inherited)",
					"$(PROJECT_DIR)/**",
				);
				INFOPLIST_FILE = "Instapaper TV/Info.plist";
				LD_RUNPATH_SEARCH_PATHS = "$(inherited) @executable_path/Frameworks";
				PRODUCT_BUNDLE_IDENTIFIER = "co.weiran.Instapaper-TV";
				PRODUCT_NAME = "$(TARGET_NAME)";
				SWIFT_OBJC_BRIDGING_HEADER = "Instapaper TV/Instapaper TV-Bridging-Header.h";
				SWIFT_OPTIMIZATION_LEVEL = "-Onone";
				SWIFT_VERSION = 3.0;
			};
			name = Debug;
		};
		24332BE51E108D1A00D5AA18 /* Release */ = {
			isa = XCBuildConfiguration;
			baseConfigurationReference = A4008F7C45C94E53A734621B /* Pods-Instapaper TV.release.xcconfig */;
			buildSettings = {
				ASSETCATALOG_COMPILER_APPICON_NAME = "App Icon & Top Shelf Image";
				ASSETCATALOG_COMPILER_LAUNCHIMAGE_NAME = LaunchImage;
				CLANG_ENABLE_MODULES = YES;
				DEVELOPMENT_TEAM = 2KB59GPA9B;
				FRAMEWORK_SEARCH_PATHS = (
					"$(inherited)",
					"$(PROJECT_DIR)/**",
				);
				INFOPLIST_FILE = "Instapaper TV/Info.plist";
				LD_RUNPATH_SEARCH_PATHS = "$(inherited) @executable_path/Frameworks";
				PRODUCT_BUNDLE_IDENTIFIER = "co.weiran.Instapaper-TV";
				PRODUCT_NAME = "$(TARGET_NAME)";
				SWIFT_OBJC_BRIDGING_HEADER = "Instapaper TV/Instapaper TV-Bridging-Header.h";
				SWIFT_VERSION = 3.0;
			};
			name = Release;
		};
/* End XCBuildConfiguration section */

/* Begin XCConfigurationList section */
		24332BCF1E108D1A00D5AA18 /* Build configuration list for PBXProject "Instapaper TV" */ = {
			isa = XCConfigurationList;
			buildConfigurations = (
				24332BE11E108D1A00D5AA18 /* Debug */,
				24332BE21E108D1A00D5AA18 /* Release */,
			);
			defaultConfigurationIsVisible = 0;
			defaultConfigurationName = Release;
		};
		24332BE31E108D1A00D5AA18 /* Build configuration list for PBXNativeTarget "Instapaper TV" */ = {
			isa = XCConfigurationList;
			buildConfigurations = (
				24332BE41E108D1A00D5AA18 /* Debug */,
				24332BE51E108D1A00D5AA18 /* Release */,
			);
			defaultConfigurationIsVisible = 0;
			defaultConfigurationName = Release;
		};
/* End XCConfigurationList section */
	};
	rootObject = 24332BCC1E108D1A00D5AA18 /* Project object */;
}
